
Microsoft Visual Studio Solution File, Format Version 12.00
# Visual Studio Version 17
VisualStudioVersion = 17.11.35208.52
MinimumVisualStudioVersion = 10.0.40219.1
Project("{FAE04EC0-301F-11D3-BF4B-00C04F79EFBC}") = "SampleMVC4App", "SampleMVC4App\SampleMVC4App.csproj", "{D8184CE7-199A-4D38-A209-C90D72F8E633}"
EndProject
Global
	GlobalSection(SolutionConfigurationPlatforms) = preSolution
		Debug|Any CPU = Debug|Any CPU
		Release|Any CPU = Release|Any CPU
	EndGlobalSection
	GlobalSection(ProjectConfigurationPlatforms) = postSolution
		{D8184CE7-199A-4D38-A209-C90D72F8E633}.Debug|Any CPU.ActiveCfg = Debug|Any CPU
		{D8184CE7-199A-4D38-A209-C90D72F8E633}.Debug|Any CPU.Build.0 = Debug|Any CPU
		{D8184CE7-199A-4D38-A209-C90D72F8E633}.Release|Any CPU.ActiveCfg = Release|Any CPU
		{D8184CE7-199A-4D38-A209-C90D72F8E633}.Release|Any CPU.Build.0 = Release|Any CPU
	EndGlobalSection
	GlobalSection(SolutionProperties) = preSolution
		HideSolutionNode = FALSE
	EndGlobalSection
	GlobalSection(ExtensibilityGlobals) = postSolution
		SolutionGuid = {EAC4F25A-D1C1-471D-AC6F-47FE78A48158}
	EndGlobalSection
EndGlobal
